
Microsoft Visual Studio Solution File, Format Version 12.00
# Visual Studio Version 17
VisualStudioVersion = 17.8.34511.84
MinimumVisualStudioVersion = 10.0.40219.1
Project("{FAE04EC0-301F-11D3-BF4B-00C04F79EFBC}") = "HideraMatchGame", "HideraMatchGame.csproj", "{73E13889-B39B-4D2A-9038-EC0EBAC87117}"
EndProject
Global
	GlobalSection(SolutionConfigurationPlatforms) = preSolution
		Debug|Any CPU = Debug|Any CPU
		Release|Any CPU = Release|Any CPU
	EndGlobalSection
	GlobalSection(ProjectConfigurationPlatforms) = postSolution
		{73E13889-B39B-4D2A-9038-EC0EBAC87117}.Debug|Any CPU.ActiveCfg = Debug|Any CPU
		{73E13889-B39B-4D2A-9038-EC0EBAC87117}.Debug|Any CPU.Build.0 = Debug|Any CPU
		{73E13889-B39B-4D2A-9038-EC0EBAC87117}.Release|Any CPU.ActiveCfg = Release|Any CPU
		{73E13889-B39B-4D2A-9038-EC0EBAC87117}.Release|Any CPU.Build.0 = Release|Any CPU
	EndGlobalSection
	GlobalSection(SolutionProperties) = preSolution
		HideSolutionNode = FALSE
	EndGlobalSection
	GlobalSection(ExtensibilityGlobals) = postSolution
		SolutionGuid = {804EB702-BF4A-4D31-8DDD-41EC533EA87F}
	EndGlobalSection
EndGlobal
